
Microsoft Visual Studio Solution File, Format Version 12.00
# Visual Studio Version 17
VisualStudioVersion = 17.5.002.0
MinimumVisualStudioVersion = 10.0.40219.1
Project("{9A19103F-16F7-4668-BE54-9A1E7A4F7556}") = "DataAccess", "DataAccess.csproj", "{8BE02AB9-C041-4DC8-8F0F-B91EF3DA5D06}"
EndProject
Global
	GlobalSection(SolutionConfigurationPlatforms) = preSolution
		Debug|Any CPU = Debug|Any CPU
		Release|Any CPU = Release|Any CPU
	EndGlobalSection
	GlobalSection(ProjectConfigurationPlatforms) = postSolution
		{8BE02AB9-C041-4DC8-8F0F-B91EF3DA5D06}.Debug|Any CPU.ActiveCfg = Debug|Any CPU
		{8BE02AB9-C041-4DC8-8F0F-B91EF3DA5D06}.Debug|Any CPU.Build.0 = Debug|Any CPU
		{8BE02AB9-C041-4DC8-8F0F-B91EF3DA5D06}.Release|Any CPU.ActiveCfg = Release|Any CPU
		{8BE02AB9-C041-4DC8-8F0F-B91EF3DA5D06}.Release|Any CPU.Build.0 = Release|Any CPU
	EndGlobalSection
	GlobalSection(SolutionProperties) = preSolution
		HideSolutionNode = FALSE
	EndGlobalSection
	GlobalSection(ExtensibilityGlobals) = postSolution
		SolutionGuid = {C65DF76F-B717-4892-B69B-DB5A9DEADC91}
	EndGlobalSection
EndGlobal
